<Solution>
  <Folder Name="/src/">
    <Project Path="src/Mcpify.Cli/Mcpify.Cli.csproj" />
    <Project Path="src/Mcpify.Core/Mcpify.Core.csproj" />
    <Project Path="src/Mcpify.Language.DotNet/Mcpify.Language.DotNet.csproj" />
    <Project Path="src/Mcpify.Language.Go/Mcpify.Language.Go.csproj" />
    <Project Path="src/Mcpify.Language.Python/Mcpify.Language.Python.csproj" />
    <Project Path="src/Mcpify.Language.Ruby/Mcpify.Language.Ruby.csproj" />
    <Project Path="src/Mcpify.Language.Rust/Mcpify.Language.Rust.csproj" />
  </Folder>
  <Folder Name="/tests/" />
  <Folder Name="/tests/integration/">
    <Project Path="tests/integration/Mcpify.Integration.Tests/Mcpify.Integration.Tests.csproj" />
  </Folder>
  <Folder Name="/tests/unit/">
    <Project Path="tests/unit/Mcpify.Core.Tests/Mcpify.Core.Tests.csproj" />
    <Project Path="tests/unit/Mcpify.Language.DotNet.Tests/Mcpify.Language.DotNet.Tests.csproj" />
  </Folder>
</Solution>
